
Microsoft Visual Studio Solution File, Format Version 12.00
# Visual Studio 15
VisualStudioVersion = 15.0.27004.2006
MinimumVisualStudioVersion = 10.0.40219.1
Project("{FAE04EC0-301F-11D3-BF4B-00C04F79EFBC}") = "sinif 2.3", "sinif 2.3\sinif 2.3.csproj", "{7540B41B-8D28-40AE-8390-B4BE7156ACBF}"
EndProject
Global
	GlobalSection(SolutionConfigurationPlatforms) = preSolution
		Debug|Any CPU = Debug|Any CPU
		Release|Any CPU = Release|Any CPU
	EndGlobalSection
	GlobalSection(ProjectConfigurationPlatforms) = postSolution
		{7540B41B-8D28-40AE-8390-B4BE7156ACBF}.Debug|Any CPU.ActiveCfg = Debug|Any CPU
		{7540B41B-8D28-40AE-8390-B4BE7156ACBF}.Debug|Any CPU.Build.0 = Debug|Any CPU
		{7540B41B-8D28-40AE-8390-B4BE7156ACBF}.Release|Any CPU.ActiveCfg = Release|Any CPU
		{7540B41B-8D28-40AE-8390-B4BE7156ACBF}.Release|Any CPU.Build.0 = Release|Any CPU
	EndGlobalSection
	GlobalSection(SolutionProperties) = preSolution
		HideSolutionNode = FALSE
	EndGlobalSection
	GlobalSection(ExtensibilityGlobals) = postSolution
		SolutionGuid = {1AD66882-BA86-4AE5-8626-5436325453F8}
	EndGlobalSection
EndGlobal
